
Microsoft Visual Studio Solution File, Format Version 12.00
# Visual Studio Version 16
VisualStudioVersion = 16.0.28803.452
MinimumVisualStudioVersion = 10.0.40219.1
Project("{FAE04EC0-301F-11D3-BF4B-00C04F79EFBC}") = "DSTCT0102", "DSTCT0102\DSTCT0102.csproj", "{2F68FC67-C173-48F1-A907-CBCCB79A7430}"
EndProject
Global
	GlobalSection(SolutionConfigurationPlatforms) = preSolution
		Debug|Any CPU = Debug|Any CPU
		Release|Any CPU = Release|Any CPU
	EndGlobalSection
	GlobalSection(ProjectConfigurationPlatforms) = postSolution
		{2F68FC67-C173-48F1-A907-CBCCB79A7430}.Debug|Any CPU.ActiveCfg = Debug|Any CPU
		{2F68FC67-C173-48F1-A907-CBCCB79A7430}.Debug|Any CPU.Build.0 = Debug|Any CPU
		{2F68FC67-C173-48F1-A907-CBCCB79A7430}.Release|Any CPU.ActiveCfg = Release|Any CPU
		{2F68FC67-C173-48F1-A907-CBCCB79A7430}.Release|Any CPU.Build.0 = Release|Any CPU
	EndGlobalSection
	GlobalSection(SolutionProperties) = preSolution
		HideSolutionNode = FALSE
	EndGlobalSection
	GlobalSection(ExtensibilityGlobals) = postSolution
		SolutionGuid = {1AD69224-939F-46B9-8616-C867D9FE123E}
	EndGlobalSection
EndGlobal
